
Microsoft Visual Studio Solution File, Format Version 12.00
# Visual Studio Version 17
VisualStudioVersion = 17.4.33205.214
MinimumVisualStudioVersion = 10.0.40219.1
Project("{2150E333-8FDC-42A3-9474-1A3956D46DE8}") = "ApiConsume", "ApiConsume", "{D185B713-CEAA-4A88-B013-D2CC6E75EAE3}"
EndProject
Project("{2150E333-8FDC-42A3-9474-1A3956D46DE8}") = "Frontend", "Frontend", "{60F0439B-A4EF-40BD-89C7-95388CBCE5F3}"
EndProject
Project("{2150E333-8FDC-42A3-9474-1A3956D46DE8}") = "ToDoList", "ToDoList", "{0F858F4B-8F91-4BDC-9900-794D0EAFB881}"
	ProjectSection(SolutionItems) = preProject
		Adımlar.txt = Adımlar.txt
	EndProjectSection
EndProject
Project("{9A19103F-16F7-4668-BE54-9A1E7A4F7556}") = "HotelProject.WebApi", "ApiConsume\HotelProject.WebApi\HotelProject.WebApi.csproj", "{DF167DF0-2FD5-448A-A7E0-91CEE12D4DE8}"
EndProject
Project("{9A19103F-16F7-4668-BE54-9A1E7A4F7556}") = "HotelProject.EntityLayer", "ApiConsume\HotelProject.EntityLayer\HotelProject.EntityLayer.csproj", "{6D59320F-5CD9-400F-9142-90DB6DCE4916}"
EndProject
Project("{9A19103F-16F7-4668-BE54-9A1E7A4F7556}") = "HotelProject.DataAccessLayer", "ApiConsume\HotelProject.DataAccessLayer\HotelProject.DataAccessLayer.csproj", "{CC5D9B76-8DF8-4830-8401-EF5C3B25A2E8}"
EndProject
Project("{9A19103F-16F7-4668-BE54-9A1E7A4F7556}") = "HotelProject.BusinessLayer", "ApiConsume\HotelProject.BusinessLayer\HotelProject.BusinessLayer.csproj", "{2F787360-6072-492B-B1F5-E757B20A4266}"
EndProject
Project("{9A19103F-16F7-4668-BE54-9A1E7A4F7556}") = "HotelProject.DtoLayer", "ApiConsume\HotelProject.DtoLayer\HotelProject.DtoLayer.csproj", "{413F7EDF-43B9-4921-A2E5-001785BA60AA}"
EndProject
Project("{9A19103F-16F7-4668-BE54-9A1E7A4F7556}") = "HotelProject.WebUI", "Frontend\HotelProject.WebUI\HotelProject.WebUI.csproj", "{6C885F81-AAF8-420D-B474-A27A3D560819}"
EndProject
Global
	GlobalSection(SolutionConfigurationPlatforms) = preSolution
		Debug|Any CPU = Debug|Any CPU
		Release|Any CPU = Release|Any CPU
	EndGlobalSection
	GlobalSection(ProjectConfigurationPlatforms) = postSolution
		{DF167DF0-2FD5-448A-A7E0-91CEE12D4DE8}.Debug|Any CPU.ActiveCfg = Debug|Any CPU
		{DF167DF0-2FD5-448A-A7E0-91CEE12D4DE8}.Debug|Any CPU.Build.0 = Debug|Any CPU
		{DF167DF0-2FD5-448A-A7E0-91CEE12D4DE8}.Release|Any CPU.ActiveCfg = Release|Any CPU
		{DF167DF0-2FD5-448A-A7E0-91CEE12D4DE8}.Release|Any CPU.Build.0 = Release|Any CPU
		{6D59320F-5CD9-400F-9142-90DB6DCE4916}.Debug|Any CPU.ActiveCfg = Debug|Any CPU
		{6D59320F-5CD9-400F-9142-90DB6DCE4916}.Debug|Any CPU.Build.0 = Debug|Any CPU
		{6D59320F-5CD9-400F-9142-90DB6DCE4916}.Release|Any CPU.ActiveCfg = Release|Any CPU
		{6D59320F-5CD9-400F-9142-90DB6DCE4916}.Release|Any CPU.Build.0 = Release|Any CPU
		{CC5D9B76-8DF8-4830-8401-EF5C3B25A2E8}.Debug|Any CPU.ActiveCfg = Debug|Any CPU
		{CC5D9B76-8DF8-4830-8401-EF5C3B25A2E8}.Debug|Any CPU.Build.0 = Debug|Any CPU
		{CC5D9B76-8DF8-4830-8401-EF5C3B25A2E8}.Release|Any CPU.ActiveCfg = Release|Any CPU
		{CC5D9B76-8DF8-4830-8401-EF5C3B25A2E8}.Release|Any CPU.Build.0 = Release|Any CPU
		{2F787360-6072-492B-B1F5-E757B20A4266}.Debug|Any CPU.ActiveCfg = Debug|Any CPU
		{2F787360-6072-492B-B1F5-E757B20A4266}.Debug|Any CPU.Build.0 = Debug|Any CPU
		{2F787360-6072-492B-B1F5-E757B20A4266}.Release|Any CPU.ActiveCfg = Release|Any CPU
		{2F787360-6072-492B-B1F5-E757B20A4266}.Release|Any CPU.Build.0 = Release|Any CPU
		{413F7EDF-43B9-4921-A2E5-001785BA60AA}.Debug|Any CPU.ActiveCfg = Debug|Any CPU
		{413F7EDF-43B9-4921-A2E5-001785BA60AA}.Debug|Any CPU.Build.0 = Debug|Any CPU
		{413F7EDF-43B9-4921-A2E5-001785BA60AA}.Release|Any CPU.ActiveCfg = Release|Any CPU
		{413F7EDF-43B9-4921-A2E5-001785BA60AA}.Release|Any CPU.Build.0 = Release|Any CPU
		{6C885F81-AAF8-420D-B474-A27A3D560819}.Debug|Any CPU.ActiveCfg = Debug|Any CPU
		{6C885F81-AAF8-420D-B474-A27A3D560819}.Debug|Any CPU.Build.0 = Debug|Any CPU
		{6C885F81-AAF8-420D-B474-A27A3D560819}.Release|Any CPU.ActiveCfg = Release|Any CPU
		{6C885F81-AAF8-420D-B474-A27A3D560819}.Release|Any CPU.Build.0 = Release|Any CPU
	EndGlobalSection
	GlobalSection(SolutionProperties) = preSolution
		HideSolutionNode = FALSE
	EndGlobalSection
	GlobalSection(NestedProjects) = preSolution
		{DF167DF0-2FD5-448A-A7E0-91CEE12D4DE8} = {D185B713-CEAA-4A88-B013-D2CC6E75EAE3}
		{6D59320F-5CD9-400F-9142-90DB6DCE4916} = {D185B713-CEAA-4A88-B013-D2CC6E75EAE3}
		{CC5D9B76-8DF8-4830-8401-EF5C3B25A2E8} = {D185B713-CEAA-4A88-B013-D2CC6E75EAE3}
		{2F787360-6072-492B-B1F5-E757B20A4266} = {D185B713-CEAA-4A88-B013-D2CC6E75EAE3}
		{413F7EDF-43B9-4921-A2E5-001785BA60AA} = {D185B713-CEAA-4A88-B013-D2CC6E75EAE3}
		{6C885F81-AAF8-420D-B474-A27A3D560819} = {60F0439B-A4EF-40BD-89C7-95388CBCE5F3}
	EndGlobalSection
	GlobalSection(ExtensibilityGlobals) = postSolution
		SolutionGuid = {A75F1990-A27B-4338-A88E-9C485C973AC0}
	EndGlobalSection
EndGlobal
